// !$*UTF8*$!
{
	archiveVersion = 1;
	classes = {
	};
	objectVersion = 55;
	objects = {

/* Begin PBXBuildFile section */
		864ABD4928AE4CC500C3D6EC /* SwiftUI_ChartApp.swift in Sources */ = {isa = PBXBuildFile; fileRef = 864ABD4828AE4CC500C3D6EC /* SwiftUI_ChartApp.swift */; };
		864ABD4B28AE4CC500C3D6EC /* ContentView.swift in Sources */ = {isa = PBXBuildFile; fileRef = 864ABD4A28AE4CC500C3D6EC /* ContentView.swift */; };
		864ABD4D28AE4CC700C3D6EC /* Assets.xcassets in Resources */ = {isa = PBXBuildFile; fileRef = 864ABD4C28AE4CC700C3D6EC /* Assets.xcassets */; };
		864ABD5028AE4CC700C3D6EC /* Preview Assets.xcassets in Resources */ = {isa = PBXBuildFile; fileRef = 864ABD4F28AE4CC700C3D6EC /* Preview Assets.xcassets */; };
		864ABD5728AE566A00C3D6EC /* ChartViewSample.swift in Sources */ = {isa = PBXBuildFile; fileRef = 864ABD5628AE566A00C3D6EC /* ChartViewSample.swift */; };
		864ABD5928AED35E00C3D6EC /* NavigationViewSample.swift in Sources */ = {isa = PBXBuildFile; fileRef = 864ABD5828AED35E00C3D6EC /* NavigationViewSample.swift */; };
		864ABD5B28AEDD4700C3D6EC /* LayoutViewSample.swift in Sources */ = {isa = PBXBuildFile; fileRef = 864ABD5A28AEDD4700C3D6EC /* LayoutViewSample.swift */; };
		864ABD5D28AEE1E500C3D6EC /* ShareLinkViewSample.swift in Sources */ = {isa = PBXBuildFile; fileRef = 864ABD5C28AEE1E500C3D6EC /* ShareLinkViewSample.swift */; };
		864ABD5F28AEE47000C3D6EC /* GaugesViewSample.swift in Sources */ = {isa = PBXBuildFile; fileRef = 864ABD5E28AEE47000C3D6EC /* GaugesViewSample.swift */; };
		864ABD6128AEF5D600C3D6EC /* Models.swift in Sources */ = {isa = PBXBuildFile; fileRef = 864ABD6028AEF5D600C3D6EC /* Models.swift */; };
		864ABD6328AEF65B00C3D6EC /* Views.swift in Sources */ = {isa = PBXBuildFile; fileRef = 864ABD6228AEF65B00C3D6EC /* Views.swift */; };
/* End PBXBuildFile section */

/* Begin PBXFileReference section */
		864ABD4528AE4CC500C3D6EC /* SwiftUI-Chart.app */ = {isa = PBXFileReference; explicitFileType = wrapper.application; includeInIndex = 0; path = "SwiftUI-Chart.app"; sourceTree = BUILT_PRODUCTS_DIR; };
		864ABD4828AE4CC500C3D6EC /* SwiftUI_ChartApp.swift */ = {isa = PBXFileReference; lastKnownFileType = sourcecode.swift; path = SwiftUI_ChartApp.swift; sourceTree = "<group>"; };
		864ABD4A28AE4CC500C3D6EC /* ContentView.swift */ = {isa = PBXFileReference; lastKnownFileType = sourcecode.swift; path = ContentView.swift; sourceTree = "<group>"; };
		864ABD4C28AE4CC700C3D6EC /* Assets.xcassets */ = {isa = PBXFileReference; lastKnownFileType = folder.assetcatalog; path = Assets.xcassets; sourceTree = "<group>"; };
		864ABD4F28AE4CC700C3D6EC /* Preview Assets.xcassets */ = {isa = PBXFileReference; lastKnownFileType = folder.assetcatalog; path = "Preview Assets.xcassets"; sourceTree = "<group>"; };
		864ABD5628AE566A00C3D6EC /* ChartViewSample.swift */ = {isa = PBXFileReference; lastKnownFileType = sourcecode.swift; path = ChartViewSample.swift; sourceTree = "<group>"; };
		864ABD5828AED35E00C3D6EC /* NavigationViewSample.swift */ = {isa = PBXFileReference; lastKnownFileType = sourcecode.swift; path = NavigationViewSample.swift; sourceTree = "<group>"; };
		864ABD5A28AEDD4700C3D6EC /* LayoutViewSample.swift */ = {isa = PBXFileReference; lastKnownFileType = sourcecode.swift; path = LayoutViewSample.swift; sourceTree = "<group>"; };
		864ABD5C28AEE1E500C3D6EC /* ShareLinkViewSample.swift */ = {isa = PBXFileReference; lastKnownFileType = sourcecode.swift; path = ShareLinkViewSample.swift; sourceTree = "<group>"; };
		864ABD5E28AEE47000C3D6EC /* GaugesViewSample.swift */ = {isa = PBXFileReference; lastKnownFileType = sourcecode.swift; path = GaugesViewSample.swift; sourceTree = "<group>"; };
		864ABD6028AEF5D600C3D6EC /* Models.swift */ = {isa = PBXFileReference; lastKnownFileType = sourcecode.swift; path = Models.swift; sourceTree = "<group>"; };
		864ABD6228AEF65B00C3D6EC /* Views.swift */ = {isa = PBXFileReference; lastKnownFileType = sourcecode.swift; path = Views.swift; sourceTree = "<group>"; };
/* End PBXFileReference section */

/* Begin PBXFrameworksBuildPhase section */
		864ABD4228AE4CC500C3D6EC /* Frameworks */ = {
			isa = PBXFrameworksBuildPhase;
			buildActionMask = 2147483647;
			files = (
			);
			runOnlyForDeploymentPostprocessing = 0;
		};
/* End PBXFrameworksBuildPhase section */

/* Begin PBXGroup section */
		864ABD3C28AE4CC500C3D6EC = {
			isa = PBXGroup;
			children = (
				864ABD4728AE4CC500C3D6EC /* SwiftUI-Chart */,
				864ABD4628AE4CC500C3D6EC /* Products */,
			);
			sourceTree = "<group>";
		};
		864ABD4628AE4CC500C3D6EC /* Products */ = {
			isa = PBXGroup;
			children = (
				864ABD4528AE4CC500C3D6EC /* SwiftUI-Chart.app */,
			);
			name = Products;
			sourceTree = "<group>";
		};
		864ABD4728AE4CC500C3D6EC /* SwiftUI-Chart */ = {
			isa = PBXGroup;
			children = (
				864ABD4828AE4CC500C3D6EC /* SwiftUI_ChartApp.swift */,
				864ABD4A28AE4CC500C3D6EC /* ContentView.swift */,
				864ABD5628AE566A00C3D6EC /* ChartViewSample.swift */,
				864ABD5828AED35E00C3D6EC /* NavigationViewSample.swift */,
				864ABD5A28AEDD4700C3D6EC /* LayoutViewSample.swift */,
				864ABD5C28AEE1E500C3D6EC /* ShareLinkViewSample.swift */,
				864ABD5E28AEE47000C3D6EC /* GaugesViewSample.swift */,
				864ABD6028AEF5D600C3D6EC /* Models.swift */,
				864ABD6228AEF65B00C3D6EC /* Views.swift */,
				864ABD4C28AE4CC700C3D6EC /* Assets.xcassets */,
				864ABD4E28AE4CC700C3D6EC /* Preview Content */,
			);
			path = "SwiftUI-Chart";
			sourceTree = "<group>";
		};
		864ABD4E28AE4CC700C3D6EC /* Preview Content */ = {
			isa = PBXGroup;
			children = (
				864ABD4F28AE4CC700C3D6EC /* Preview Assets.xcassets */,
			);
			path = "Preview Content";
			sourceTree = "<group>";
		};
/* End PBXGroup section */

/* Begin PBXNativeTarget section */
		864ABD4428AE4CC500C3D6EC /* SwiftUI-Chart */ = {
			isa = PBXNativeTarget;
			buildConfigurationList = 864ABD5328AE4CC700C3D6EC /* Build configuration list for PBXNativeTarget "SwiftUI-Chart" */;
			buildPhases = (
				864ABD4128AE4CC500C3D6EC /* Sources */,
				864ABD4228AE4CC500C3D6EC /* Frameworks */,
				864ABD4328AE4CC500C3D6EC /* Resources */,
			);
			buildRules = (
			);
			dependencies = (
			);
			name = "SwiftUI-Chart";
			productName = "SwiftUI-Chart";
			productReference = 864ABD4528AE4CC500C3D6EC /* SwiftUI-Chart.app */;
			productType = "com.apple.product-type.application";
		};
/* End PBXNativeTarget section */

/* Begin PBXProject section */
		864ABD3D28AE4CC500C3D6EC /* Project object */ = {
			isa = PBXProject;
			attributes = {
				BuildIndependentTargetsInParallel = 1;
				LastSwiftUpdateCheck = 1400;
				LastUpgradeCheck = 1400;
				TargetAttributes = {
					864ABD4428AE4CC500C3D6EC = {
						CreatedOnToolsVersion = 14.0;
					};
				};
			};
			buildConfigurationList = 864ABD4028AE4CC500C3D6EC /* Build configuration list for PBXProject "SwiftUI-Chart" */;
			compatibilityVersion = "Xcode 13.0";
			developmentRegion = en;
			hasScannedForEncodings = 0;
			knownRegions = (
				en,
				Base,
			);
			mainGroup = 864ABD3C28AE4CC500C3D6EC;
			productRefGroup = 864ABD4628AE4CC500C3D6EC /* Products */;
			projectDirPath = "";
			projectRoot = "";
			targets = (
				864ABD4428AE4CC500C3D6EC /* SwiftUI-Chart */,
			);
		};
/* End PBXProject section */

/* Begin PBXResourcesBuildPhase section */
		864ABD4328AE4CC500C3D6EC /* Resources */ = {
			isa = PBXResourcesBuildPhase;
			buildActionMask = 2147483647;
			files = (
				864ABD5028AE4CC700C3D6EC /* Preview Assets.xcassets in Resources */,
				864ABD4D28AE4CC700C3D6EC /* Assets.xcassets in Resources */,
			);
			runOnlyForDeploymentPostprocessing = 0;
		};
/* End PBXResourcesBuildPhase section */

/* Begin PBXSourcesBuildPhase section */
		864ABD4128AE4CC500C3D6EC /* Sources */ = {
			isa = PBXSourcesBuildPhase;
			buildActionMask = 2147483647;
			files = (
				864ABD5F28AEE47000C3D6EC /* GaugesViewSample.swift in Sources */,
				864ABD5D28AEE1E500C3D6EC /* ShareLinkViewSample.swift in Sources */,
				864ABD4B28AE4CC500C3D6EC /* ContentView.swift in Sources */,
				864ABD6128AEF5D600C3D6EC /* Models.swift in Sources */,
				864ABD4928AE4CC500C3D6EC /* SwiftUI_ChartApp.swift in Sources */,
				864ABD5928AED35E00C3D6EC /* NavigationViewSample.swift in Sources */,
				864ABD5B28AEDD4700C3D6EC /* LayoutViewSample.swift in Sources */,
				864ABD5728AE566A00C3D6EC /* ChartViewSample.swift in Sources */,
				864ABD6328AEF65B00C3D6EC /* Views.swift in Sources */,
			);
			runOnlyForDeploymentPostprocessing = 0;
		};
/* End PBXSourcesBuildPhase section */

/* Begin XCBuildConfiguration section */
		864ABD5128AE4CC700C3D6EC /* Debug */ = {
			isa = XCBuildConfiguration;
			buildSettings = {
				ALWAYS_SEARCH_USER_PATHS = NO;
				CLANG_ANALYZER_NONNULL = YES;
				CLANG_ANALYZER_NUMBER_OBJECT_CONVERSION = YES_AGGRESSIVE;
				CLANG_CXX_LANGUAGE_STANDARD = "gnu++20";
				CLANG_ENABLE_MODULES = YES;
				CLANG_ENABLE_OBJC_ARC = YES;
				CLANG_ENABLE_OBJC_WEAK = YES;
				CLANG_WARN_BLOCK_CAPTURE_AUTORELEASING = YES;
				CLANG_WARN_BOOL_CONVERSION = YES;
				CLANG_WARN_COMMA = YES;
				CLANG_WARN_CONSTANT_CONVERSION = YES;
				CLANG_WARN_DEPRECATED_OBJC_IMPLEMENTATIONS = YES;
				CLANG_WARN_DIRECT_OBJC_ISA_USAGE = YES_ERROR;
				CLANG_WARN_DOCUMENTATION_COMMENTS = YES;
				CLANG_WARN_EMPTY_BODY = YES;
				CLANG_WARN_ENUM_CONVERSION = YES;
				CLANG_WARN_INFINITE_RECURSION = YES;
				CLANG_WARN_INT_CONVERSION = YES;
				CLANG_WARN_NON_LITERAL_NULL_CONVERSION = YES;
				CLANG_WARN_OBJC_IMPLICIT_RETAIN_SELF = YES;
				CLANG_WARN_OBJC_LITERAL_CONVERSION = YES;
				CLANG_WARN_OBJC_ROOT_CLASS = YES_ERROR;
				CLANG_WARN_QUOTED_INCLUDE_IN_FRAMEWORK_HEADER = YES;
				CLANG_WARN_RANGE_LOOP_ANALYSIS = YES;
				CLANG_WARN_STRICT_PROTOTYPES = YES;
				CLANG_WARN_SUSPICIOUS_MOVE = YES;
				CLANG_WARN_UNGUARDED_AVAILABILITY = YES_AGGRESSIVE;
				CLANG_WARN_UNREACHABLE_CODE = YES;
				CLANG_WARN__DUPLICATE_METHOD_MATCH = YES;
				COPY_PHASE_STRIP = NO;
				DEBUG_INFORMATION_FORMAT = dwarf;
				ENABLE_STRICT_OBJC_MSGSEND = YES;
				ENABLE_TESTABILITY = YES;
				GCC_C_LANGUAGE_STANDARD = gnu11;
				GCC_DYNAMIC_NO_PIC = NO;
				GCC_NO_COMMON_BLOCKS = YES;
				GCC_OPTIMIZATION_LEVEL = 0;
				GCC_PREPROCESSOR_DEFINITIONS = (
					"DEBUG=1",
					"$(inherited)",
				);
				GCC_WARN_64_TO_32_BIT_CONVERSION = YES;
				GCC_WARN_ABOUT_RETURN_TYPE = YES_ERROR;
				GCC_WARN_UNDECLARED_SELECTOR = YES;
				GCC_WARN_UNINITIALIZED_AUTOS = YES_AGGRESSIVE;
				GCC_WARN_UNUSED_FUNCTION = YES;
				GCC_WARN_UNUSED_VARIABLE = YES;
				IPHONEOS_DEPLOYMENT_TARGET = 16.0;
				MTL_ENABLE_DEBUG_INFO = INCLUDE_SOURCE;
				MTL_FAST_MATH = YES;
				ONLY_ACTIVE_ARCH = YES;
				SDKROOT = iphoneos;
				SWIFT_ACTIVE_COMPILATION_CONDITIONS = DEBUG;
				SWIFT_OPTIMIZATION_LEVEL = "-Onone";
			};
			name = Debug;
		};
		864ABD5228AE4CC700C3D6EC /* Release */ = {
			isa = XCBuildConfiguration;
			buildSettings = {
				ALWAYS_SEARCH_USER_PATHS = NO;
				CLANG_ANALYZER_NONNULL = YES;
				CLANG_ANALYZER_NUMBER_OBJECT_CONVERSION = YES_AGGRESSIVE;
				CLANG_CXX_LANGUAGE_STANDARD = "gnu++20";
				CLANG_ENABLE_MODULES = YES;
				CLANG_ENABLE_OBJC_ARC = YES;
				CLANG_ENABLE_OBJC_WEAK = YES;
				CLANG_WARN_BLOCK_CAPTURE_AUTORELEASING = YES;
				CLANG_WARN_BOOL_CONVERSION = YES;
				CLANG_WARN_COMMA = YES;
				CLANG_WARN_CONSTANT_CONVERSION = YES;
				CLANG_WARN_DEPRECATED_OBJC_IMPLEMENTATIONS = YES;
				CLANG_WARN_DIRECT_OBJC_ISA_USAGE = YES_ERROR;
				CLANG_WARN_DOCUMENTATION_COMMENTS = YES;
				CLANG_WARN_EMPTY_BODY = YES;
				CLANG_WARN_ENUM_CONVERSION = YES;
				CLANG_WARN_INFINITE_RECURSION = YES;
				CLANG_WARN_INT_CONVERSION = YES;
				CLANG_WARN_NON_LITERAL_NULL_CONVERSION = YES;
				CLANG_WARN_OBJC_IMPLICIT_RETAIN_SELF = YES;
				CLANG_WARN_OBJC_LITERAL_CONVERSION = YES;
				CLANG_WARN_OBJC_ROOT_CLASS = YES_ERROR;
				CLANG_WARN_QUOTED_INCLUDE_IN_FRAMEWORK_HEADER = YES;
				CLANG_WARN_RANGE_LOOP_ANALYSIS = YES;
				CLANG_WARN_STRICT_PROTOTYPES = YES;
				CLANG_WARN_SUSPICIOUS_MOVE = YES;
				CLANG_WARN_UNGUARDED_AVAILABILITY = YES_AGGRESSIVE;
				CLANG_WARN_UNREACHABLE_CODE = YES;
				CLANG_WARN__DUPLICATE_METHOD_MATCH = YES;
				COPY_PHASE_STRIP = NO;
				DEBUG_INFORMATION_FORMAT = "dwarf-with-dsym";
				ENABLE_NS_ASSERTIONS = NO;
				ENABLE_STRICT_OBJC_MSGSEND = YES;
				GCC_C_LANGUAGE_STANDARD = gnu11;
				GCC_NO_COMMON_BLOCKS = YES;
				GCC_WARN_64_TO_32_BIT_CONVERSION = YES;
				GCC_WARN_ABOUT_RETURN_TYPE = YES_ERROR;
				GCC_WARN_UNDECLARED_SELECTOR = YES;
				GCC_WARN_UNINITIALIZED_AUTOS = YES_AGGRESSIVE;
				GCC_WARN_UNUSED_FUNCTION = YES;
				GCC_WARN_UNUSED_VARIABLE = YES;
				IPHONEOS_DEPLOYMENT_TARGET = 16.0;
				MTL_ENABLE_DEBUG_INFO = NO;
				MTL_FAST_MATH = YES;
				SDKROOT = iphoneos;
				SWIFT_COMPILATION_MODE = wholemodule;
				SWIFT_OPTIMIZATION_LEVEL = "-O";
				VALIDATE_PRODUCT = YES;
			};
			name = Release;
		};
		864ABD5428AE4CC700C3D6EC /* Debug */ = {
			isa = XCBuildConfiguration;
			buildSettings = {
				ASSETCATALOG_COMPILER_APPICON_NAME = AppIcon;
				ASSETCATALOG_COMPILER_GLOBAL_ACCENT_COLOR_NAME = AccentColor;
				CODE_SIGN_STYLE = Automatic;
				CURRENT_PROJECT_VERSION = 1;
				DEVELOPMENT_ASSET_PATHS = "\"SwiftUI-Chart/Preview Content\"";
				ENABLE_PREVIEWS = YES;
				GENERATE_INFOPLIST_FILE = YES;
				INFOPLIST_KEY_UIApplicationSceneManifest_Generation = YES;
				INFOPLIST_KEY_UIApplicationSupportsIndirectInputEvents = YES;
				INFOPLIST_KEY_UILaunchScreen_Generation = YES;
				INFOPLIST_KEY_UISupportedInterfaceOrientations_iPad = "UIInterfaceOrientationPortrait UIInterfaceOrientationPortraitUpsideDown UIInterfaceOrientationLandscapeLeft UIInterfaceOrientationLandscapeRight";
				INFOPLIST_KEY_UISupportedInterfaceOrientations_iPhone = "UIInterfaceOrientationPortrait UIInterfaceOrientationLandscapeLeft UIInterfaceOrientationLandscapeRight";
				LD_RUNPATH_SEARCH_PATHS = (
					"$(inherited)",
					"@executable_path/Frameworks",
				);
				MARKETING_VERSION = 1.0;
				PRODUCT_BUNDLE_IDENTIFIER = "com.arafat.Programming.SwiftUI-Chart";
				PRODUCT_NAME = "$(TARGET_NAME)";
				SWIFT_EMIT_LOC_STRINGS = YES;
				SWIFT_VERSION = 5.0;
				TARGETED_DEVICE_FAMILY = "1,2";
			};
			name = Debug;
		};
		864ABD5528AE4CC700C3D6EC /* Release */ = {
			isa = XCBuildConfiguration;
			buildSettings = {
				ASSETCATALOG_COMPILER_APPICON_NAME = AppIcon;
				ASSETCATALOG_COMPILER_GLOBAL_ACCENT_COLOR_NAME = AccentColor;
				CODE_SIGN_STYLE = Automatic;
				CURRENT_PROJECT_VERSION = 1;
				DEVELOPMENT_ASSET_PATHS = "\"SwiftUI-Chart/Preview Content\"";
				ENABLE_PREVIEWS = YES;
				GENERATE_INFOPLIST_FILE = YES;
				INFOPLIST_KEY_UIApplicationSceneManifest_Generation = YES;
				INFOPLIST_KEY_UIApplicationSupportsIndirectInputEvents = YES;
				INFOPLIST_KEY_UILaunchScreen_Generation = YES;
				INFOPLIST_KEY_UISupportedInterfaceOrientations_iPad = "UIInterfaceOrientationPortrait UIInterfaceOrientationPortraitUpsideDown UIInterfaceOrientationLandscapeLeft UIInterfaceOrientationLandscapeRight";
				INFOPLIST_KEY_UISupportedInterfaceOrientations_iPhone = "UIInterfaceOrientationPortrait UIInterfaceOrientationLandscapeLeft UIInterfaceOrientationLandscapeRight";
				LD_RUNPATH_SEARCH_PATHS = (
					"$(inherited)",
					"@executable_path/Frameworks",
				);
				MARKETING_VERSION = 1.0;
				PRODUCT_BUNDLE_IDENTIFIER = "com.arafat.Programming.SwiftUI-Chart";
				PRODUCT_NAME = "$(TARGET_NAME)";
				SWIFT_EMIT_LOC_STRINGS = YES;
				SWIFT_VERSION = 5.0;
				TARGETED_DEVICE_FAMILY = "1,2";
			};
			name = Release;
		};
/* End XCBuildConfiguration section */

/* Begin XCConfigurationList section */
		864ABD4028AE4CC500C3D6EC /* Build configuration list for PBXProject "SwiftUI-Chart" */ = {
			isa = XCConfigurationList;
			buildConfigurations = (
				864ABD5128AE4CC700C3D6EC /* Debug */,
				864ABD5228AE4CC700C3D6EC /* Release */,
			);
			defaultConfigurationIsVisible = 0;
			defaultConfigurationName = Release;
		};
		864ABD5328AE4CC700C3D6EC /* Build configuration list for PBXNativeTarget "SwiftUI-Chart" */ = {
			isa = XCConfigurationList;
			buildConfigurations = (
				864ABD5428AE4CC700C3D6EC /* Debug */,
				864ABD5528AE4CC700C3D6EC /* Release */,
			);
			defaultConfigurationIsVisible = 0;
			defaultConfigurationName = Release;
		};
/* End XCConfigurationList section */
	};
	rootObject = 864ABD3D28AE4CC500C3D6EC /* Project object */;
}
